
Microsoft Visual Studio Solution File, Format Version 12.00
# Visual Studio Version 16
VisualStudioVersion = 16.0.28729.10
MinimumVisualStudioVersion = 10.0.40219.1
Project("{FAE04EC0-301F-11D3-BF4B-00C04F79EFBC}") = "ConsoleApp2 OOPS", "ConsoleApp2 OOPS\ConsoleApp2 OOPS.csproj", "{E74B27AE-DC2E-461B-BA80-C91C9297BBB5}"
EndProject
Global
	GlobalSection(SolutionConfigurationPlatforms) = preSolution
		Debug|Any CPU = Debug|Any CPU
		Release|Any CPU = Release|Any CPU
	EndGlobalSection
	GlobalSection(ProjectConfigurationPlatforms) = postSolution
		{E74B27AE-DC2E-461B-BA80-C91C9297BBB5}.Debug|Any CPU.ActiveCfg = Debug|Any CPU
		{E74B27AE-DC2E-461B-BA80-C91C9297BBB5}.Debug|Any CPU.Build.0 = Debug|Any CPU
		{E74B27AE-DC2E-461B-BA80-C91C9297BBB5}.Release|Any CPU.ActiveCfg = Release|Any CPU
		{E74B27AE-DC2E-461B-BA80-C91C9297BBB5}.Release|Any CPU.Build.0 = Release|Any CPU
	EndGlobalSection
	GlobalSection(SolutionProperties) = preSolution
		HideSolutionNode = FALSE
	EndGlobalSection
	GlobalSection(ExtensibilityGlobals) = postSolution
		SolutionGuid = {45EBE139-5324-4C23-B118-34D338AE0E27}
	EndGlobalSection
EndGlobal
