
Microsoft Visual Studio Solution File, Format Version 12.00
# Visual Studio Version 16
VisualStudioVersion = 16.0.28729.10
MinimumVisualStudioVersion = 10.0.40219.1
Project("{FAE04EC0-301F-11D3-BF4B-00C04F79EFBC}") = "ConsoleApp2 String Coding Aassignment", "ConsoleApp2 String Coding Aassignment\ConsoleApp2 String Coding Aassignment.csproj", "{F865F2DD-A172-49B7-B06D-085E0E9FA61E}"
EndProject
Global
	GlobalSection(SolutionConfigurationPlatforms) = preSolution
		Debug|Any CPU = Debug|Any CPU
		Release|Any CPU = Release|Any CPU
	EndGlobalSection
	GlobalSection(ProjectConfigurationPlatforms) = postSolution
		{F865F2DD-A172-49B7-B06D-085E0E9FA61E}.Debug|Any CPU.ActiveCfg = Debug|Any CPU
		{F865F2DD-A172-49B7-B06D-085E0E9FA61E}.Debug|Any CPU.Build.0 = Debug|Any CPU
		{F865F2DD-A172-49B7-B06D-085E0E9FA61E}.Release|Any CPU.ActiveCfg = Release|Any CPU
		{F865F2DD-A172-49B7-B06D-085E0E9FA61E}.Release|Any CPU.Build.0 = Release|Any CPU
	EndGlobalSection
	GlobalSection(SolutionProperties) = preSolution
		HideSolutionNode = FALSE
	EndGlobalSection
	GlobalSection(ExtensibilityGlobals) = postSolution
		SolutionGuid = {B5E1D33E-5042-4F39-93FE-0606D783AB1B}
	EndGlobalSection
EndGlobal
